
Microsoft Visual Studio Solution File, Format Version 12.00
# Visual Studio Version 16
VisualStudioVersion = 16.0.32106.194
MinimumVisualStudioVersion = 10.0.40219.1
Project("{9A19103F-16F7-4668-BE54-9A1E7A4F7556}") = "CozyImprovements", "CozyImprovements\CozyImprovements.csproj", "{11488786-4805-42B7-B034-77895CAB373F}"
EndProject
Global
	GlobalSection(SolutionConfigurationPlatforms) = preSolution
		Debug|Any CPU = Debug|Any CPU
		Release|Any CPU = Release|Any CPU
	EndGlobalSection
	GlobalSection(ProjectConfigurationPlatforms) = postSolution
		{11488786-4805-42B7-B034-77895CAB373F}.Debug|Any CPU.ActiveCfg = Debug|Any CPU
		{11488786-4805-42B7-B034-77895CAB373F}.Debug|Any CPU.Build.0 = Debug|Any CPU
		{11488786-4805-42B7-B034-77895CAB373F}.Release|Any CPU.ActiveCfg = Release|Any CPU
		{11488786-4805-42B7-B034-77895CAB373F}.Release|Any CPU.Build.0 = Release|Any CPU
	EndGlobalSection
	GlobalSection(SolutionProperties) = preSolution
		HideSolutionNode = FALSE
	EndGlobalSection
	GlobalSection(ExtensibilityGlobals) = postSolution
		SolutionGuid = {2A4CE550-7AE2-4E44-AA76-8AB115EAB84C}
	EndGlobalSection
EndGlobal
